
Microsoft Visual Studio Solution File, Format Version 12.00
# Visual Studio Version 17
VisualStudioVersion = 17.5.002.0
MinimumVisualStudioVersion = 10.0.40219.1
Project("{9A19103F-16F7-4668-BE54-9A1E7A4F7556}") = "address-optimizer", "address-optimizer\address-optimizer.csproj", "{217F4C22-6362-42BF-A4E5-F99E8721EDC7}"
EndProject
Global
	GlobalSection(SolutionConfigurationPlatforms) = preSolution
		Debug|Any CPU = Debug|Any CPU
		Release|Any CPU = Release|Any CPU
	EndGlobalSection
	GlobalSection(ProjectConfigurationPlatforms) = postSolution
		{217F4C22-6362-42BF-A4E5-F99E8721EDC7}.Debug|Any CPU.ActiveCfg = Debug|Any CPU
		{217F4C22-6362-42BF-A4E5-F99E8721EDC7}.Debug|Any CPU.Build.0 = Debug|Any CPU
		{217F4C22-6362-42BF-A4E5-F99E8721EDC7}.Release|Any CPU.ActiveCfg = Release|Any CPU
		{217F4C22-6362-42BF-A4E5-F99E8721EDC7}.Release|Any CPU.Build.0 = Release|Any CPU
	EndGlobalSection
	GlobalSection(SolutionProperties) = preSolution
		HideSolutionNode = FALSE
	EndGlobalSection
	GlobalSection(ExtensibilityGlobals) = postSolution
		SolutionGuid = {65413534-57A8-4397-8A54-3D74EAA92F28}
	EndGlobalSection
EndGlobal
